
Microsoft Visual Studio Solution File, Format Version 12.00
# Visual Studio Version 17
VisualStudioVersion = 17.11.35327.3
MinimumVisualStudioVersion = 10.0.40219.1
Project("{FAE04EC0-301F-11D3-BF4B-00C04F79EFBC}") = "LojaABC", "LojaABC\LojaABC.csproj", "{E18A4F4A-5220-47E0-81DF-0853561F22A6}"
EndProject
Project("{FAE04EC0-301F-11D3-BF4B-00C04F79EFBC}") = "Componentes", "Componentes\Componentes.csproj", "{889E2BC6-09F1-4F3D-AB2E-45FD50C315CA}"
EndProject
Project("{FAE04EC0-301F-11D3-BF4B-00C04F79EFBC}") = "Calculadora", "Calculadora\Calculadora.csproj", "{FEFE4AA2-2C32-496D-871F-0A52E8A28FC1}"
EndProject
Project("{FAE04EC0-301F-11D3-BF4B-00C04F79EFBC}") = "Controle de Fluxo", "Controle de Fluxo\Controle de Fluxo.csproj", "{EBA94062-239C-42E3-B909-C3B65A6135CD}"
EndProject
Global
	GlobalSection(SolutionConfigurationPlatforms) = preSolution
		Debug|Any CPU = Debug|Any CPU
		Release|Any CPU = Release|Any CPU
	EndGlobalSection
	GlobalSection(ProjectConfigurationPlatforms) = postSolution
		{E18A4F4A-5220-47E0-81DF-0853561F22A6}.Debug|Any CPU.ActiveCfg = Debug|Any CPU
		{E18A4F4A-5220-47E0-81DF-0853561F22A6}.Debug|Any CPU.Build.0 = Debug|Any CPU
		{E18A4F4A-5220-47E0-81DF-0853561F22A6}.Release|Any CPU.ActiveCfg = Release|Any CPU
		{E18A4F4A-5220-47E0-81DF-0853561F22A6}.Release|Any CPU.Build.0 = Release|Any CPU
		{889E2BC6-09F1-4F3D-AB2E-45FD50C315CA}.Debug|Any CPU.ActiveCfg = Debug|Any CPU
		{889E2BC6-09F1-4F3D-AB2E-45FD50C315CA}.Debug|Any CPU.Build.0 = Debug|Any CPU
		{889E2BC6-09F1-4F3D-AB2E-45FD50C315CA}.Release|Any CPU.ActiveCfg = Release|Any CPU
		{889E2BC6-09F1-4F3D-AB2E-45FD50C315CA}.Release|Any CPU.Build.0 = Release|Any CPU
		{FEFE4AA2-2C32-496D-871F-0A52E8A28FC1}.Debug|Any CPU.ActiveCfg = Debug|Any CPU
		{FEFE4AA2-2C32-496D-871F-0A52E8A28FC1}.Debug|Any CPU.Build.0 = Debug|Any CPU
		{FEFE4AA2-2C32-496D-871F-0A52E8A28FC1}.Release|Any CPU.ActiveCfg = Release|Any CPU
		{FEFE4AA2-2C32-496D-871F-0A52E8A28FC1}.Release|Any CPU.Build.0 = Release|Any CPU
		{EBA94062-239C-42E3-B909-C3B65A6135CD}.Debug|Any CPU.ActiveCfg = Debug|Any CPU
		{EBA94062-239C-42E3-B909-C3B65A6135CD}.Debug|Any CPU.Build.0 = Debug|Any CPU
		{EBA94062-239C-42E3-B909-C3B65A6135CD}.Release|Any CPU.ActiveCfg = Release|Any CPU
		{EBA94062-239C-42E3-B909-C3B65A6135CD}.Release|Any CPU.Build.0 = Release|Any CPU
	EndGlobalSection
	GlobalSection(SolutionProperties) = preSolution
		HideSolutionNode = FALSE
	EndGlobalSection
	GlobalSection(ExtensibilityGlobals) = postSolution
		SolutionGuid = {EBF0E1CF-F3A3-47BE-A0D5-096CAD81FC5C}
	EndGlobalSection
EndGlobal
